
Microsoft Visual Studio Solution File, Format Version 12.00
# Visual Studio Version 16
VisualStudioVersion = 16.0.30711.63
MinimumVisualStudioVersion = 10.0.40219.1
Project("{FAE04EC0-301F-11D3-BF4B-00C04F79EFBC}") = "LACOSTA.Web", "LACOSTA.Web\LACOSTA.Web.csproj", "{5131AC1E-74EF-400E-B751-12093EFF6E6C}"
EndProject
Global
	GlobalSection(SolutionConfigurationPlatforms) = preSolution
		Debug|Any CPU = Debug|Any CPU
		Release|Any CPU = Release|Any CPU
	EndGlobalSection
	GlobalSection(ProjectConfigurationPlatforms) = postSolution
		{5131AC1E-74EF-400E-B751-12093EFF6E6C}.Debug|Any CPU.ActiveCfg = Debug|Any CPU
		{5131AC1E-74EF-400E-B751-12093EFF6E6C}.Debug|Any CPU.Build.0 = Debug|Any CPU
		{5131AC1E-74EF-400E-B751-12093EFF6E6C}.Release|Any CPU.ActiveCfg = Release|Any CPU
		{5131AC1E-74EF-400E-B751-12093EFF6E6C}.Release|Any CPU.Build.0 = Release|Any CPU
	EndGlobalSection
	GlobalSection(SolutionProperties) = preSolution
		HideSolutionNode = FALSE
	EndGlobalSection
	GlobalSection(ExtensibilityGlobals) = postSolution
		SolutionGuid = {EAB174F1-1E40-41AE-96A9-2FA9527B9E63}
	EndGlobalSection
EndGlobal
